
Microsoft Visual Studio Solution File, Format Version 12.00
# Visual Studio Version 16
VisualStudioVersion = 16.0.31025.194
MinimumVisualStudioVersion = 10.0.40219.1
Project("{FAE04EC0-301F-11D3-BF4B-00C04F79EFBC}") = "ProjectGmarDonation", "ProjectGmarDonation\ProjectGmarDonation.csproj", "{665915B0-1105-486C-B5D8-DFCDF1C403FF}"
EndProject
Global
	GlobalSection(SolutionConfigurationPlatforms) = preSolution
		Debug|Any CPU = Debug|Any CPU
		Release|Any CPU = Release|Any CPU
	EndGlobalSection
	GlobalSection(ProjectConfigurationPlatforms) = postSolution
		{665915B0-1105-486C-B5D8-DFCDF1C403FF}.Debug|Any CPU.ActiveCfg = Debug|Any CPU
		{665915B0-1105-486C-B5D8-DFCDF1C403FF}.Debug|Any CPU.Build.0 = Debug|Any CPU
		{665915B0-1105-486C-B5D8-DFCDF1C403FF}.Release|Any CPU.ActiveCfg = Release|Any CPU
		{665915B0-1105-486C-B5D8-DFCDF1C403FF}.Release|Any CPU.Build.0 = Release|Any CPU
	EndGlobalSection
	GlobalSection(SolutionProperties) = preSolution
		HideSolutionNode = FALSE
	EndGlobalSection
	GlobalSection(ExtensibilityGlobals) = postSolution
		SolutionGuid = {605A43C6-EB88-46E6-883F-A5D50100425B}
	EndGlobalSection
EndGlobal
